# This file is automatically @generated by Cargo.
# It is not intended for manual editing.
version = 4

[[package]]
name = "aasvg"
version = "1.0.0"
source = "registry+https://github.com/rust-lang/crates.io-index"
checksum = "f82509a4fd112244705d14c6d5780862ad279ca76ae8288ff8415fbc717e69ef"

[[package]]
name = "aho-corasick"
version = "1.1.4"
source = "registry+https://github.com/rust-lang/crates.io-index"
checksum = "ddd31a130427c27518df266943a5308ed92d4b226cc639f5a8f1002816174301"
dependencies = [
 "memchr",
]

[[package]]
name = "arborium"
version = "2.12.3"
source = "registry+https://github.com/rust-lang/crates.io-index"
checksum = "94a68a4d7c6f53e03d1136c1ea734427885a8fb2439ee045c0802357da69e40c"
dependencies = [
 "arborium-asm",
 "arborium-bash",
 "arborium-c",
 "arborium-capnp",
 "arborium-clojure",
 "arborium-cmake",
 "arborium-cpp",
 "arborium-css",
 "arborium-diff",
 "arborium-dockerfile",
 "arborium-elixir",
 "arborium-fish",
 "arborium-go",
 "arborium-graphql",
 "arborium-haskell",
 "arborium-hcl",
 "arborium-highlight",
 "arborium-html",
 "arborium-ini",
 "arborium-java",
 "arborium-javascript",
 "arborium-jinja2",
 "arborium-json",
 "arborium-julia",
 "arborium-kotlin",
 "arborium-lua",
 "arborium-markdown",
 "arborium-meson",
 "arborium-nginx",
 "arborium-nix",
 "arborium-ocaml",
 "arborium-perl",
 "arborium-php",
 "arborium-powershell",
 "arborium-python",
 "arborium-r",
 "arborium-ruby",
 "arborium-rust",
 "arborium-scala",
 "arborium-scss",
 "arborium-sql",
 "arborium-styx",
 "arborium-svelte",
 "arborium-swift",
 "arborium-textproto",
 "arborium-theme",
 "arborium-thrift",
 "arborium-toml",
 "arborium-tree-sitter",
 "arborium-tsx",
 "arborium-typescript",
 "arborium-typst",
 "arborium-vim",
 "arborium-vue",
 "arborium-xml",
 "arborium-yaml",
 "arborium-zig",
 "arborium-zsh",
 "dlmalloc",
]

[[package]]
name = "arborium-asm"
version = "2.12.3"
source = "registry+https://github.com/rust-lang/crates.io-index"
checksum = "85b60dab62b925f1801c747142828074ac5460b5c723ba2c246721c8982c9b08"
dependencies = [
 "arborium-sysroot",
 "cc",
 "tree-sitter-language",
]

[[package]]
name = "arborium-bash"
version = "2.12.3"
source = "registry+https://github.com/rust-lang/crates.io-index"
checksum = "b4303ecdfd93ab323ad973ec38d29712615d356986fdd7e94cd233169fb5aa83"
dependencies = [
 "arborium-sysroot",
 "cc",
 "tree-sitter-language",
]

[[package]]
name = "arborium-c"
version = "2.12.3"
source = "registry+https://github.com/rust-lang/crates.io-index"
checksum = "29a204cbcb4ef8130b0168615d6e7407ea1198263451a83b88ed07706b614e05"
dependencies = [
 "arborium-sysroot",
 "cc",
 "tree-sitter-language",
]

[[package]]
name = "arborium-capnp"
version = "2.12.3"
source = "registry+https://github.com/rust-lang/crates.io-index"
checksum = "d458a90c2b2fcdd47a9326ad6e3b120014931f473ab017f8a0d1edc0462f675a"
dependencies = [
 "arborium-sysroot",
 "cc",
 "tree-sitter-language",
]

[[package]]
name = "arborium-clojure"
version = "2.12.3"
source = "registry+https://github.com/rust-lang/crates.io-index"
checksum = "f7e200e13fb094ed07bef4e9980af8b33d934ed848a1dc167d3b3df092b7409e"
dependencies = [
 "arborium-sysroot",
 "cc",
 "tree-sitter-language",
]

[[package]]
name = "arborium-cmake"
version = "2.12.3"
source = "registry+https://github.com/rust-lang/crates.io-index"
checksum = "d172749585da9b9e9a6ef6bd00484984fa932dbc7c5d1017cceab6c6d5e5ada8"
dependencies = [
 "arborium-sysroot",
 "cc",
 "tree-sitter-language",
]

[[package]]
name = "arborium-cpp"
version = "2.12.3"
source = "registry+https://github.com/rust-lang/crates.io-index"
checksum = "e838f1c7fe4da437b8dcf289d35b95ec3b7ca7836f2e2e4dc45a77d4c5f69f37"
dependencies = [
 "arborium-c",
 "arborium-sysroot",
 "cc",
 "tree-sitter-language",
]

[[package]]
name = "arborium-css"
version = "2.12.3"
source = "registry+https://github.com/rust-lang/crates.io-index"
checksum = "93be1823ac71e2c3da54719c0ec4da3bc5fa6d5967a8997b19568c1719144e5f"
dependencies = [
 "arborium-sysroot",
 "cc",
 "tree-sitter-language",
]

[[package]]
name = "arborium-diff"
version = "2.12.3"
source = "registry+https://github.com/rust-lang/crates.io-index"
checksum = "a0c1387f357039d59d251727eff2c30aaeaf7dd2f0971972b2ac90f1d010b2c3"
dependencies = [
 "arborium-sysroot",
 "cc",
 "tree-sitter-language",
]

[[package]]
name = "arborium-dockerfile"
version = "2.12.3"
source = "registry+https://github.com/rust-lang/crates.io-index"
checksum = "097a75ec506b3577cc61b8b68f286d1eaf70c6bcac79a8dc0f2a9a88275f5fd1"
dependencies = [
 "arborium-sysroot",
 "cc",
 "tree-sitter-language",
]

[[package]]
name = "arborium-elixir"
version = "2.12.3"
source = "registry+https://github.com/rust-lang/crates.io-index"
checksum = "f5fb7d93ae6e291cd0441cd561487b4e458e979141ca6792c938b4dc658dbcad"
dependencies = [
 "arborium-sysroot",
 "cc",
 "tree-sitter-language",
]

[[package]]
name = "arborium-fish"
version = "2.12.3"
source = "registry+https://github.com/rust-lang/crates.io-index"
checksum = "71573093ab5b5f940da3edd714c38b52039916ee71f9460a1d81920a411be0a4"
dependencies = [
 "arborium-sysroot",
 "cc",
 "tree-sitter-language",
]

[[package]]
name = "arborium-go"
version = "2.12.3"
source = "registry+https://github.com/rust-lang/crates.io-index"
checksum = "2a1bd63dae9033358506bc878786e3ffd8645c5084d3e3c3c2146b98c2d5b281"
dependencies = [
 "arborium-sysroot",
 "cc",
 "tree-sitter-language",
]

[[package]]
name = "arborium-graphql"
version = "2.12.3"
source = "registry+https://github.com/rust-lang/crates.io-index"
checksum = "7ec915c62035b6136688f87f5b05a5e16536e9ff60c5d76ba77f67f5583f08f2"
dependencies = [
 "arborium-sysroot",
 "cc",
 "tree-sitter-language",
]

[[package]]
name = "arborium-haskell"
version = "2.12.3"
source = "registry+https://github.com/rust-lang/crates.io-index"
checksum = "939a88c3d1f671213fa0c4428205b7f73be03de938bb27413fde78bee1ffefa8"
dependencies = [
 "arborium-sysroot",
 "cc",
 "tree-sitter-language",
]

[[package]]
name = "arborium-hcl"
version = "2.12.3"
source = "registry+https://github.com/rust-lang/crates.io-index"
checksum = "5829133a0badb8dfc18664da1de320e092d9ed31d10b5fb58e9a5628ef98ca52"
dependencies = [
 "arborium-sysroot",
 "cc",
 "tree-sitter-language",
]

[[package]]
name = "arborium-highlight"
version = "2.12.3"
source = "registry+https://github.com/rust-lang/crates.io-index"
checksum = "1297d6d45dfa331f5e32353f785feb081cccc5ce1759ffd222c2dcd3cccc4095"
dependencies = [
 "arborium-theme",
 "arborium-tree-sitter",
 "streaming-iterator",
]

[[package]]
name = "arborium-html"
version = "2.12.3"
source = "registry+https://github.com/rust-lang/crates.io-index"
checksum = "7e31de50e94813b59e1c25e01622859dd4e92bb8cd5a3bb44b6683ac4a9e031f"
dependencies = [
 "arborium-css",
 "arborium-javascript",
 "arborium-sysroot",
 "cc",
 "tree-sitter-language",
]

[[package]]
name = "arborium-ini"
version = "2.12.3"
source = "registry+https://github.com/rust-lang/crates.io-index"
checksum = "85d6eb01d64b66121009748b62bb2b1d61a88ccd4bb1e1827f6ee1505b6befdf"
dependencies = [
 "arborium-sysroot",
 "cc",
 "tree-sitter-language",
]

[[package]]
name = "arborium-java"
version = "2.12.3"
source = "registry+https://github.com/rust-lang/crates.io-index"
checksum = "f8e30236f8b2c12d4a8dbbfb94e20381e604595b63b2fea1b9a003e58bfcf467"
dependencies = [
 "arborium-sysroot",
 "cc",
 "tree-sitter-language",
]

[[package]]
name = "arborium-javascript"
version = "2.12.3"
source = "registry+https://github.com/rust-lang/crates.io-index"
checksum = "71939b619afbc14b58d4e4c50de053be7343eab3d62eb4744adbd38f13ce9b49"
dependencies = [
 "arborium-sysroot",
 "cc",
 "tree-sitter-language",
]

[[package]]
name = "arborium-jinja2"
version = "2.12.3"
source = "registry+https://github.com/rust-lang/crates.io-index"
checksum = "91ce470f8733ff75e8cee481b7c42e826fa0e0c088203f78827e18bc512a460d"
dependencies = [
 "arborium-sysroot",
 "cc",
 "tree-sitter-language",
]

[[package]]
name = "arborium-json"
version = "2.12.3"
source = "registry+https://github.com/rust-lang/crates.io-index"
checksum = "4d36086b87fc4eca93e59ac38ab5a9141cbb6540a7591aa76332f2e99dd0e827"
dependencies = [
 "arborium-sysroot",
 "cc",
 "tree-sitter-language",
]

[[package]]
name = "arborium-julia"
version = "2.12.3"
source = "registry+https://github.com/rust-lang/crates.io-index"
checksum = "a16fcacb92b8fd2401f619b7cfb2714a201a1b8018c3da4ff0e5b91173256c59"
dependencies = [
 "arborium-sysroot",
 "cc",
 "tree-sitter-language",
]

[[package]]
name = "arborium-kotlin"
version = "2.12.3"
source = "registry+https://github.com/rust-lang/crates.io-index"
checksum = "95ff7e017ad44c4ed950e235ceb1ec218363b282687a0f550d0bdf312337a0de"
dependencies = [
 "arborium-sysroot",
 "cc",
 "tree-sitter-language",
]

[[package]]
name = "arborium-lua"
version = "2.12.3"
source = "registry+https://github.com/rust-lang/crates.io-index"
checksum = "9e3a8d76e02bf370b0c9c38d83f4d4bca8260135b8260238e904cede6a7fe2c0"
dependencies = [
 "arborium-sysroot",
 "cc",
 "tree-sitter-language",
]

[[package]]
name = "arborium-markdown"
version = "2.12.3"
source = "registry+https://github.com/rust-lang/crates.io-index"
checksum = "84ef6dfc98a07c9cedec31ef2b45e7e436c65df77b642c9888d2eeaaf7fcd053"
dependencies = [
 "arborium-html",
 "arborium-sysroot",
 "arborium-toml",
 "arborium-yaml",
 "cc",
 "tree-sitter-language",
]

[[package]]
name = "arborium-meson"
version = "2.12.3"
source = "registry+https://github.com/rust-lang/crates.io-index"
checksum = "0e012ba001b1259ea9b16b23943752cfcd8b651dac5637a1ef6c489c6d17096a"
dependencies = [
 "arborium-sysroot",
 "cc",
 "tree-sitter-language",
]

[[package]]
name = "arborium-nginx"
version = "2.12.3"
source = "registry+https://github.com/rust-lang/crates.io-index"
checksum = "4aa212284c54fec2dfdb7f4fae76622715ed93f00e69867f343d07f1e31c2c6c"
dependencies = [
 "arborium-sysroot",
 "cc",
 "tree-sitter-language",
]

[[package]]
name = "arborium-nix"
version = "2.12.3"
source = "registry+https://github.com/rust-lang/crates.io-index"
checksum = "03ee043d9c206f99523bcb0898e8c1d3ef8b82bc9645659f962cb155a8fb1310"
dependencies = [
 "arborium-sysroot",
 "cc",
 "tree-sitter-language",
]

[[package]]
name = "arborium-ocaml"
version = "2.12.3"
source = "registry+https://github.com/rust-lang/crates.io-index"
checksum = "91ff3e79fd3e109f839a1ade4fd62aa8eb7f70cbfe03cdf9c2727a8e5d9f2009"
dependencies = [
 "arborium-sysroot",
 "cc",
 "tree-sitter-language",
]

[[package]]
name = "arborium-perl"
version = "2.12.3"
source = "registry+https://github.com/rust-lang/crates.io-index"
checksum = "b2025ce65f8e2866b3925ec111100631eac0a10a0efe42127ebd448c5a469b20"
dependencies = [
 "arborium-sysroot",
 "cc",
 "tree-sitter-language",
]

[[package]]
name = "arborium-php"
version = "2.12.3"
source = "registry+https://github.com/rust-lang/crates.io-index"
checksum = "26f6ca32a4806dd4a0b8f0b9c44377e55f54370778d390a08bc1562968ed2bb7"
dependencies = [
 "arborium-sysroot",
 "cc",
 "tree-sitter-language",
]

[[package]]
name = "arborium-powershell"
version = "2.12.3"
source = "registry+https://github.com/rust-lang/crates.io-index"
checksum = "2d63be9c390ceaa9a28b7f5a55e340936a995c09ef1474d39802cad9bff8f4bb"
dependencies = [
 "arborium-sysroot",
 "cc",
 "tree-sitter-language",
]

[[package]]
name = "arborium-python"
version = "2.12.3"
source = "registry+https://github.com/rust-lang/crates.io-index"
checksum = "997d76634f8d036dac1d0650561a83dc3f14b9c476aea2b46b5f243b99b20417"
dependencies = [
 "arborium-sysroot",
 "cc",
 "tree-sitter-language",
]

[[package]]
name = "arborium-r"
version = "2.12.3"
source = "registry+https://github.com/rust-lang/crates.io-index"
checksum = "640379512a2cf474a0bc26fc671c5afd0064dc0e5310ab34ab6280f28dddc797"
dependencies = [
 "arborium-sysroot",
 "cc",
 "tree-sitter-language",
]

[[package]]
name = "arborium-ruby"
version = "2.12.3"
source = "registry+https://github.com/rust-lang/crates.io-index"
checksum = "2d78f7862196f7739c8a17df7aef09b022dd151518e487906e717f10fe5a19da"
dependencies = [
 "arborium-sysroot",
 "cc",
 "tree-sitter-language",
]

[[package]]
name = "arborium-rust"
version = "2.12.3"
source = "registry+https://github.com/rust-lang/crates.io-index"
checksum = "4ae7aa9501e523483c0645877d4f2cd182ede068900ccd5e3c416c8141b9f51f"
dependencies = [
 "arborium-sysroot",
 "cc",
 "tree-sitter-language",
]

[[package]]
name = "arborium-scala"
version = "2.12.3"
source = "registry+https://github.com/rust-lang/crates.io-index"
checksum = "428749a274870ab025d5fe674c00484e4609510019112cb1365c65053521b3eb"
dependencies = [
 "arborium-sysroot",
 "cc",
 "tree-sitter-language",
]

[[package]]
name = "arborium-scss"
version = "2.12.3"
source = "registry+https://github.com/rust-lang/crates.io-index"
checksum = "0677bd11fe7c216f48b1b5dffc07b4039e827c47079b2652408e348ef41a8c0a"
dependencies = [
 "arborium-css",
 "arborium-sysroot",
 "cc",
 "tree-sitter-language",
]

[[package]]
name = "arborium-sql"
version = "2.12.3"
source = "registry+https://github.com/rust-lang/crates.io-index"
checksum = "b0be8433ebfbbc016dedb6336a8e97bea7c9193dadc115f5d364dbb37d11af1a"
dependencies = [
 "arborium-sysroot",
 "cc",
 "tree-sitter-language",
]

[[package]]
name = "arborium-styx"
version = "2.12.3"
source = "registry+https://github.com/rust-lang/crates.io-index"
checksum = "fde49609e20140399c55f804e2b835a957464566120d822e8fc5d4065021e9a1"
dependencies = [
 "arborium-sysroot",
 "cc",
 "tree-sitter-language",
]

[[package]]
name = "arborium-svelte"
version = "2.12.3"
source = "registry+https://github.com/rust-lang/crates.io-index"
checksum = "5e2b9d775f56a207b1fdcae1e3794dd6fbbe4928f7c93261e858ef82d7a1489f"
dependencies = [
 "arborium-css",
 "arborium-html",
 "arborium-javascript",
 "arborium-scss",
 "arborium-sysroot",
 "arborium-typescript",
 "cc",
 "tree-sitter-language",
]

[[package]]
name = "arborium-swift"
version = "2.12.3"
source = "registry+https://github.com/rust-lang/crates.io-index"
checksum = "b77370c2cad0b19a7d68d2b34ce9a2d19c5c5f5635524330e18040e3d43f4a77"
dependencies = [
 "arborium-sysroot",
 "cc",
 "tree-sitter-language",
]

[[package]]
name = "arborium-sysroot"
version = "2.12.3"
source = "registry+https://github.com/rust-lang/crates.io-index"
checksum = "718562b7f11542c86b06835c9073e2cf6762f88cb3f04a84418811df19299ce9"
dependencies = [
 "cc",
 "dlmalloc",
]

[[package]]
name = "arborium-textproto"
version = "2.12.3"
source = "registry+https://github.com/rust-lang/crates.io-index"
checksum = "5a05c4049fd2d34ebeaa200c9557611c245946d356f4312930461e224da4cff2"
dependencies = [
 "arborium-sysroot",
 "cc",
 "tree-sitter-language",
]

[[package]]
name = "arborium-theme"
version = "2.12.3"
source = "registry+https://github.com/rust-lang/crates.io-index"
checksum = "0751016d94ae6b983ce7182ccf5ff272f430f88a38f38ce12b791dca4cd33d7b"

[[package]]
name = "arborium-thrift"
version = "2.12.3"
source = "registry+https://github.com/rust-lang/crates.io-index"
checksum = "d37655e6b4a0fa286a81ac59be2cadaaa4c3d5131a8454f06977786b935d7a9a"
dependencies = [
 "arborium-sysroot",
 "cc",
 "tree-sitter-language",
]

[[package]]
name = "arborium-toml"
version = "2.12.3"
source = "registry+https://github.com/rust-lang/crates.io-index"
checksum = "67d31c271840e5e8ae35dd6d75a3ad5a66bad45433f632a5b223f7055cb72ac9"
dependencies = [
 "arborium-sysroot",
 "cc",
 "tree-sitter-language",
]

[[package]]
name = "arborium-tree-sitter"
version = "2.12.3"
source = "registry+https://github.com/rust-lang/crates.io-index"
checksum = "44916a46addb034a28e0c4dbbfc5e9cbf18a0e2f1f482fa28c32f97cb91bcdfc"
dependencies = [
 "arborium-sysroot",
 "cc",
 "regex",
 "regex-syntax",
 "streaming-iterator",
 "tree-sitter-language",
]

[[package]]
name = "arborium-tsx"
version = "2.12.3"
source = "registry+https://github.com/rust-lang/crates.io-index"
checksum = "2754efc585d114348ac68d3a35d6382898153cae04851b6ef8adef972e2bd5dc"
dependencies = [
 "arborium-javascript",
 "arborium-sysroot",
 "cc",
 "tree-sitter-language",
]

[[package]]
name = "arborium-typescript"
version = "2.12.3"
source = "registry+https://github.com/rust-lang/crates.io-index"
checksum = "618cf49f35c952f5965e799a7edf8dc24ac78ad1ddd031d44bd84ccec6a4a254"
dependencies = [
 "arborium-javascript",
 "arborium-sysroot",
 "cc",
 "tree-sitter-language",
]

[[package]]
name = "arborium-typst"
version = "2.12.3"
source = "registry+https://github.com/rust-lang/crates.io-index"
checksum = "b2837cb932552e5637d914e282236a1730d70165812837020bcd5aaa8d23ce07"
dependencies = [
 "arborium-sysroot",
 "cc",
 "tree-sitter-language",
]

[[package]]
name = "arborium-vim"
version = "2.12.3"
source = "registry+https://github.com/rust-lang/crates.io-index"
checksum = "97d8197b712bada184221049cdc4b43621a06fcb2abf102958979b979750432d"
dependencies = [
 "arborium-sysroot",
 "cc",
 "tree-sitter-language",
]

[[package]]
name = "arborium-vue"
version = "2.12.3"
source = "registry+https://github.com/rust-lang/crates.io-index"
checksum = "6021c2e43b1db9fd9705cdb5209d6f81cb1320ff27558f9d88c406e6ae00e8c3"
dependencies = [
 "arborium-css",
 "arborium-html",
 "arborium-javascript",
 "arborium-scss",
 "arborium-sysroot",
 "arborium-typescript",
 "cc",
 "tree-sitter-language",
]

[[package]]
name = "arborium-xml"
version = "2.12.3"
source = "registry+https://github.com/rust-lang/crates.io-index"
checksum = "21de79c92b291d2769ac99d2b0f08531004580a2c2333730ae8e7b3d0d930ece"
dependencies = [
 "arborium-sysroot",
 "cc",
 "tree-sitter-language",
]

[[package]]
name = "arborium-yaml"
version = "2.12.3"
source = "registry+https://github.com/rust-lang/crates.io-index"
checksum = "6fee295578a50869bdd455981346295fc4a564e42bde70f91d12930a12e7b0b7"
dependencies = [
 "arborium-sysroot",
 "cc",
 "tree-sitter-language",
]

[[package]]
name = "arborium-zig"
version = "2.12.3"
source = "registry+https://github.com/rust-lang/crates.io-index"
checksum = "75df125efa9a2374924378faae3e7246648c1ff19e5edc8e9eb60bfaf63ab486"
dependencies = [
 "arborium-sysroot",
 "cc",
 "tree-sitter-language",
]

[[package]]
name = "arborium-zsh"
version = "2.12.3"
source = "registry+https://github.com/rust-lang/crates.io-index"
checksum = "302efbc47597cfb5efe7d087d1a60a4f04e9bedadd77525c038603c312c254c8"
dependencies = [
 "arborium-sysroot",
 "cc",
 "tree-sitter-language",
]

[[package]]
name = "ariadne"
version = "0.6.0"
source = "registry+https://github.com/rust-lang/crates.io-index"
checksum = "8454c8a44ce2cb9cc7e7fae67fc6128465b343b92c6631e94beca3c8d1524ea5"
dependencies = [
 "unicode-width",
 "yansi",
]

[[package]]
name = "arraydeque"
version = "0.5.1"
source = "registry+https://github.com/rust-lang/crates.io-index"
checksum = "7d902e3d592a523def97af8f317b08ce16b7ab854c1985a0c671e6f15cebc236"

[[package]]
name = "autocfg"
version = "1.5.0"
source = "registry+https://github.com/rust-lang/crates.io-index"
checksum = "c08606f8c3cbf4ce6ec8e28fb0014a2c086708fe954eaa885384a6165172e7e8"

[[package]]
name = "bitflags"
version = "2.10.0"
source = "registry+https://github.com/rust-lang/crates.io-index"
checksum = "812e12b5285cc515a9c72a5c1d3b6d46a19dac5acfef5265968c166106e31dd3"

[[package]]
name = "block-buffer"
version = "0.10.4"
source = "registry+https://github.com/rust-lang/crates.io-index"
checksum = "3078c7629b62d3f0439517fa394996acacc5cbc91c5a20d8c658e77abd503a71"
dependencies = [
 "generic-array",
]

[[package]]
name = "bytes"
version = "1.11.0"
source = "registry+https://github.com/rust-lang/crates.io-index"
checksum = "b35204fbdc0b3f4446b89fc1ac2cf84a8a68971995d0bf2e925ec7cd960f9cb3"

[[package]]
name = "cc"
version = "1.2.53"
source = "registry+https://github.com/rust-lang/crates.io-index"
checksum = "755d2fce177175ffca841e9a06afdb2c4ab0f593d53b4dee48147dfaade85932"
dependencies = [
 "find-msvc-tools",
 "shlex",
]

[[package]]
name = "cfg-if"
version = "1.0.4"
source = "registry+https://github.com/rust-lang/crates.io-index"
checksum = "9330f8b2ff13f34540b44e946ef35111825727b38d33286ef986142615121801"

[[package]]
name = "const-fnv1a-hash"
version = "1.1.0"
source = "registry+https://github.com/rust-lang/crates.io-index"
checksum = "32b13ea120a812beba79e34316b3942a857c86ec1593cb34f27bb28272ce2cca"

[[package]]
name = "cpufeatures"
version = "0.2.17"
source = "registry+https://github.com/rust-lang/crates.io-index"
checksum = "59ed5838eebb26a2bb2e58f6d5b5316989ae9d08bab10e0e6d103e656d1b0280"
dependencies = [
 "libc",
]

[[package]]
name = "crypto-common"
version = "0.1.7"
source = "registry+https://github.com/rust-lang/crates.io-index"
checksum = "78c8292055d1c1df0cce5d180393dc8cce0abec0a7102adb6c7b1eef6016d60a"
dependencies = [
 "generic-array",
 "typenum",
]

[[package]]
name = "digest"
version = "0.10.7"
source = "registry+https://github.com/rust-lang/crates.io-index"
checksum = "9ed9a281f7bc9b7576e61468ba615a66a5c8cfdff42420a70aa82701a3b1e292"
dependencies = [
 "block-buffer",
 "crypto-common",
]

[[package]]
name = "dlmalloc"
version = "0.2.12"
source = "registry+https://github.com/rust-lang/crates.io-index"
checksum = "6738d2e996274e499bc7b0d693c858b7720b9cd2543a0643a3087e6cb0a4fa16"
dependencies = [
 "cfg-if",
 "libc",
 "windows-sys 0.60.2",
]

[[package]]
name = "enum_dispatch"
version = "0.3.13"
source = "registry+https://github.com/rust-lang/crates.io-index"
checksum = "aa18ce2bc66555b3218614519ac839ddb759a7d6720732f979ef8d13be147ecd"
dependencies = [
 "once_cell",
 "proc-macro2",
 "quote",
 "syn",
]

[[package]]
name = "equivalent"
version = "1.0.2"
source = "registry+https://github.com/rust-lang/crates.io-index"
checksum = "877a4ace8713b0bcf2a4e7eec82529c029f1d0619886d18145fea96c3ffe5c0f"

[[package]]
name = "errno"
version = "0.3.14"
source = "registry+https://github.com/rust-lang/crates.io-index"
checksum = "39cab71617ae0d63f51a36d69f866391735b51691dbda63cf6f96d042b63efeb"
dependencies = [
 "libc",
 "windows-sys 0.60.2",
]

[[package]]
name = "facet"
version = "0.42.0"
source = "git+https://github.com/facet-rs/facet?branch=main#aaad65a47a1198d6080e49592f69c3fe2221ce65"
dependencies = [
 "autocfg",
 "facet-core",
 "facet-macros",
]

[[package]]
name = "facet-core"
version = "0.42.0"
source = "git+https://github.com/facet-rs/facet?branch=main#aaad65a47a1198d6080e49592f69c3fe2221ce65"
dependencies = [
 "autocfg",
 "const-fnv1a-hash",
 "impls",
]

[[package]]
name = "facet-dessert"
version = "0.42.0"
source = "git+https://github.com/facet-rs/facet?branch=main#aaad65a47a1198d6080e49592f69c3fe2221ce65"
dependencies = [
 "facet-core",
 "facet-reflect",
]

[[package]]
name = "facet-dom"
version = "0.42.0"
source = "git+https://github.com/facet-rs/facet?branch=main#aaad65a47a1198d6080e49592f69c3fe2221ce65"
dependencies = [
 "facet-core",
 "facet-dessert",
 "facet-reflect",
 "facet-singularize",
 "heck",
 "owo-colors",
]

[[package]]
name = "facet-format"
version = "0.42.0"
source = "git+https://github.com/facet-rs/facet?branch=main#aaad65a47a1198d6080e49592f69c3fe2221ce65"
dependencies = [
 "facet-core",
 "facet-dessert",
 "facet-path",
 "facet-reflect",
 "facet-solver",
]

[[package]]
name = "facet-macro-parse"
version = "0.42.0"
source = "git+https://github.com/facet-rs/facet?branch=main#aaad65a47a1198d6080e49592f69c3fe2221ce65"
dependencies = [
 "facet-macro-types",
 "proc-macro2",
 "quote",
]

[[package]]
name = "facet-macro-types"
version = "0.42.0"
source = "git+https://github.com/facet-rs/facet?branch=main#aaad65a47a1198d6080e49592f69c3fe2221ce65"
dependencies = [
 "proc-macro2",
 "quote",
 "unsynn",
]

[[package]]
name = "facet-macros"
version = "0.42.0"
source = "git+https://github.com/facet-rs/facet?branch=main#aaad65a47a1198d6080e49592f69c3fe2221ce65"
dependencies = [
 "facet-macros-impl",
]

[[package]]
name = "facet-macros-impl"
version = "0.42.0"
source = "git+https://github.com/facet-rs/facet?branch=main#aaad65a47a1198d6080e49592f69c3fe2221ce65"
dependencies = [
 "facet-macro-parse",
 "facet-macro-types",
 "proc-macro2",
 "quote",
 "strsim",
 "unsynn",
]

[[package]]
name = "facet-path"
version = "0.42.0"
source = "git+https://github.com/facet-rs/facet?branch=main#aaad65a47a1198d6080e49592f69c3fe2221ce65"
dependencies = [
 "facet-core",
]

[[package]]
name = "facet-postcard"
version = "0.42.0"
source = "git+https://github.com/facet-rs/facet?branch=main#aaad65a47a1198d6080e49592f69c3fe2221ce65"
dependencies = [
 "facet-core",
 "facet-format",
 "facet-path",
 "facet-reflect",
 "facet-value",
 "tracing",
]

[[package]]
name = "facet-reflect"
version = "0.42.0"
source = "git+https://github.com/facet-rs/facet?branch=main#aaad65a47a1198d6080e49592f69c3fe2221ce65"
dependencies = [
 "facet-core",
]

[[package]]
name = "facet-singularize"
version = "0.42.0"
source = "git+https://github.com/facet-rs/facet?branch=main#aaad65a47a1198d6080e49592f69c3fe2221ce65"

[[package]]
name = "facet-solver"
version = "0.42.0"
source = "git+https://github.com/facet-rs/facet?branch=main#aaad65a47a1198d6080e49592f69c3fe2221ce65"
dependencies = [
 "facet-core",
 "facet-reflect",
]

[[package]]
name = "facet-svg"
version = "0.42.0"
source = "git+https://github.com/facet-rs/facet?branch=main#aaad65a47a1198d6080e49592f69c3fe2221ce65"
dependencies = [
 "facet",
 "facet-xml",
]

[[package]]
name = "facet-toml"
version = "0.42.0"
source = "git+https://github.com/facet-rs/facet?branch=main#aaad65a47a1198d6080e49592f69c3fe2221ce65"
dependencies = [
 "facet-core",
 "facet-format",
 "facet-reflect",
 "toml_parser",
]

[[package]]
name = "facet-value"
version = "0.42.0"
source = "git+https://github.com/facet-rs/facet?branch=main#aaad65a47a1198d6080e49592f69c3fe2221ce65"
dependencies = [
 "facet-core",
 "facet-format",
 "facet-reflect",
 "indexmap",
]

[[package]]
name = "facet-xml"
version = "0.42.0"
source = "git+https://github.com/facet-rs/facet?branch=main#aaad65a47a1198d6080e49592f69c3fe2221ce65"
dependencies = [
 "facet",
 "facet-core",
 "facet-dom",
 "facet-reflect",
 "quick-xml",
]

[[package]]
name = "facet-yaml"
version = "0.42.0"
source = "git+https://github.com/facet-rs/facet?branch=main#aaad65a47a1198d6080e49592f69c3fe2221ce65"
dependencies = [
 "facet",
 "facet-core",
 "facet-format",
 "facet-reflect",
 "log",
 "saphyr-parser",
]

[[package]]
name = "find-msvc-tools"
version = "0.1.8"
source = "registry+https://github.com/rust-lang/crates.io-index"
checksum = "8591b0bcc8a98a64310a2fae1bb3e9b8564dd10e381e6e28010fde8e8e8568db"

[[package]]
name = "foldhash"
version = "0.1.5"
source = "registry+https://github.com/rust-lang/crates.io-index"
checksum = "d9c4f5dac5e15c24eb999c26181a6ca40b39fe946cbe4c263c7209467bc83af2"

[[package]]
name = "generic-array"
version = "0.14.7"
source = "registry+https://github.com/rust-lang/crates.io-index"
checksum = "85649ca51fd72272d7821adaf274ad91c288277713d9c18820d8499a7ff69e9a"
dependencies = [
 "typenum",
 "version_check",
]

[[package]]
name = "getopts"
version = "0.2.24"
source = "registry+https://github.com/rust-lang/crates.io-index"
checksum = "cfe4fbac503b8d1f88e6676011885f34b7174f46e59956bba534ba83abded4df"
dependencies = [
 "unicode-width",
]

[[package]]
name = "glam"
version = "0.29.3"
source = "registry+https://github.com/rust-lang/crates.io-index"
checksum = "8babf46d4c1c9d92deac9f7be466f76dfc4482b6452fc5024b5e8daf6ffeb3ee"

[[package]]
name = "hashbrown"
version = "0.15.5"
source = "registry+https://github.com/rust-lang/crates.io-index"
checksum = "9229cfe53dfd69f0609a49f65461bd93001ea1ef889cd5529dd176593f5338a1"
dependencies = [
 "foldhash",
]

[[package]]
name = "hashbrown"
version = "0.16.1"
source = "registry+https://github.com/rust-lang/crates.io-index"
checksum = "841d1cc9bed7f9236f321df977030373f4a4163ae1a7dbfe1a51a2c1a51d9100"

[[package]]
name = "hashlink"
version = "0.10.0"
source = "registry+https://github.com/rust-lang/crates.io-index"
checksum = "7382cf6263419f2d8df38c55d7da83da5c18aef87fc7a7fc1fb1e344edfe14c1"
dependencies = [
 "hashbrown 0.15.5",
]

[[package]]
name = "heck"
version = "0.5.0"
source = "registry+https://github.com/rust-lang/crates.io-index"
checksum = "2304e00983f87ffb38b55b444b5e3b60a884b5d30c0fca7d82fe33449bbe55ea"

[[package]]
name = "impls"
version = "1.0.3"
source = "registry+https://github.com/rust-lang/crates.io-index"
checksum = "7a46645bbd70538861a90d0f26c31537cdf1e44aae99a794fb75a664b70951bc"

[[package]]
name = "indexmap"
version = "2.13.0"
source = "registry+https://github.com/rust-lang/crates.io-index"
checksum = "7714e70437a7dc3ac8eb7e6f8df75fd8eb422675fc7678aff7364301092b1017"
dependencies = [
 "equivalent",
 "hashbrown 0.16.1",
]

[[package]]
name = "libc"
version = "0.2.180"
source = "registry+https://github.com/rust-lang/crates.io-index"
checksum = "bcc35a38544a891a5f7c865aca548a982ccb3b8650a5b06d0fd33a10283c56fc"

[[package]]
name = "lock_api"
version = "0.4.14"
source = "registry+https://github.com/rust-lang/crates.io-index"
checksum = "224399e74b87b5f3557511d98dff8b14089b3dadafcab6bb93eab67d3aace965"
dependencies = [
 "scopeguard",
]

[[package]]
name = "log"
version = "0.4.29"
source = "registry+https://github.com/rust-lang/crates.io-index"
checksum = "5e5032e24019045c762d3c0f28f5b6b8bbf38563a65908389bf7978758920897"

[[package]]
name = "marq"
version = "0.1.0"
dependencies = [
 "aasvg",
 "arborium",
 "facet",
 "facet-postcard",
 "facet-toml",
 "facet-value",
 "facet-yaml",
 "pikru",
 "pulldown-cmark",
 "regex",
 "thiserror",
 "tokio",
]

[[package]]
name = "memchr"
version = "2.7.6"
source = "registry+https://github.com/rust-lang/crates.io-index"
checksum = "f52b00d39961fc5b2736ea853c9cc86238e165017a493d1d5c8eac6bdc4cc273"

[[package]]
name = "mio"
version = "1.1.1"
source = "registry+https://github.com/rust-lang/crates.io-index"
checksum = "a69bcab0ad47271a0234d9422b131806bf3968021e5dc9328caf2d4cd58557fc"
dependencies = [
 "libc",
 "wasi",
 "windows-sys 0.61.2",
]

[[package]]
name = "mutants"
version = "0.0.3"
source = "registry+https://github.com/rust-lang/crates.io-index"
checksum = "bc0287524726960e07b119cebd01678f852f147742ae0d925e6a520dca956126"

[[package]]
name = "once_cell"
version = "1.21.3"
source = "registry+https://github.com/rust-lang/crates.io-index"
checksum = "42f5e15c9953c5e4ccceeb2e7382a716482c34515315f7b03532b8b4e8393d2d"

[[package]]
name = "owo-colors"
version = "4.2.3"
source = "registry+https://github.com/rust-lang/crates.io-index"
checksum = "9c6901729fa79e91a0913333229e9ca5dc725089d1c363b2f4b4760709dc4a52"

[[package]]
name = "parking_lot"
version = "0.12.5"
source = "registry+https://github.com/rust-lang/crates.io-index"
checksum = "93857453250e3077bd71ff98b6a65ea6621a19bb0f559a85248955ac12c45a1a"
dependencies = [
 "lock_api",
 "parking_lot_core",
]

[[package]]
name = "parking_lot_core"
version = "0.9.12"
source = "registry+https://github.com/rust-lang/crates.io-index"
checksum = "2621685985a2ebf1c516881c026032ac7deafcda1a2c9b7850dc81e3dfcb64c1"
dependencies = [
 "cfg-if",
 "libc",
 "redox_syscall",
 "smallvec",
 "windows-link",
]

[[package]]
name = "pest"
version = "2.8.5"
source = "registry+https://github.com/rust-lang/crates.io-index"
checksum = "2c9eb05c21a464ea704b53158d358a31e6425db2f63a1a7312268b05fe2b75f7"
dependencies = [
 "memchr",
 "ucd-trie",
]

[[package]]
name = "pest_derive"
version = "2.8.5"
source = "registry+https://github.com/rust-lang/crates.io-index"
checksum = "68f9dbced329c441fa79d80472764b1a2c7e57123553b8519b36663a2fb234ed"
dependencies = [
 "pest",
 "pest_generator",
]

[[package]]
name = "pest_generator"
version = "2.8.5"
source = "registry+https://github.com/rust-lang/crates.io-index"
checksum = "3bb96d5051a78f44f43c8f712d8e810adb0ebf923fc9ed2655a7f66f63ba8ee5"
dependencies = [
 "pest",
 "pest_meta",
 "proc-macro2",
 "quote",
 "syn",
]

[[package]]
name = "pest_meta"
version = "2.8.5"
source = "registry+https://github.com/rust-lang/crates.io-index"
checksum = "602113b5b5e8621770cfd490cfd90b9f84ab29bd2b0e49ad83eb6d186cef2365"
dependencies = [
 "pest",
 "sha2",
]

[[package]]
name = "pikru"
version = "1.0.1"
source = "git+https://github.com/bearcove/pikru?branch=main#9f029596cebd745f3d319ff16387be0d7c2af570"
dependencies = [
 "ariadne",
 "enum_dispatch",
 "facet-svg",
 "glam",
 "pest",
 "pest_derive",
 "thiserror",
]

[[package]]
name = "pin-project-lite"
version = "0.2.16"
source = "registry+https://github.com/rust-lang/crates.io-index"
checksum = "3b3cff922bd51709b605d9ead9aa71031d81447142d828eb4a6eba76fe619f9b"

[[package]]
name = "proc-macro2"
version = "1.0.105"
source = "registry+https://github.com/rust-lang/crates.io-index"
checksum = "535d180e0ecab6268a3e718bb9fd44db66bbbc256257165fc699dadf70d16fe7"
dependencies = [
 "unicode-ident",
]

[[package]]
name = "pulldown-cmark"
version = "0.13.0"
source = "registry+https://github.com/rust-lang/crates.io-index"
checksum = "1e8bbe1a966bd2f362681a44f6edce3c2310ac21e4d5067a6e7ec396297a6ea0"
dependencies = [
 "bitflags",
 "getopts",
 "memchr",
 "pulldown-cmark-escape",
 "unicase",
]

[[package]]
name = "pulldown-cmark-escape"
version = "0.11.0"
source = "registry+https://github.com/rust-lang/crates.io-index"
checksum = "007d8adb5ddab6f8e3f491ac63566a7d5002cc7ed73901f72057943fa71ae1ae"

[[package]]
name = "quick-xml"
version = "0.39.0"
source = "registry+https://github.com/rust-lang/crates.io-index"
checksum = "f2e3bf4aa9d243beeb01a7b3bc30b77cfe2c44e24ec02d751a7104a53c2c49a1"
dependencies = [
 "memchr",
]

[[package]]
name = "quote"
version = "1.0.43"
source = "registry+https://github.com/rust-lang/crates.io-index"
checksum = "dc74d9a594b72ae6656596548f56f667211f8a97b3d4c3d467150794690dc40a"
dependencies = [
 "proc-macro2",
]

[[package]]
name = "redox_syscall"
version = "0.5.18"
source = "registry+https://github.com/rust-lang/crates.io-index"
checksum = "ed2bf2547551a7053d6fdfafda3f938979645c44812fbfcda098faae3f1a362d"
dependencies = [
 "bitflags",
]

[[package]]
name = "regex"
version = "1.12.2"
source = "registry+https://github.com/rust-lang/crates.io-index"
checksum = "843bc0191f75f3e22651ae5f1e72939ab2f72a4bc30fa80a066bd66edefc24d4"
dependencies = [
 "aho-corasick",
 "memchr",
 "regex-automata",
 "regex-syntax",
]

[[package]]
name = "regex-automata"
version = "0.4.13"
source = "registry+https://github.com/rust-lang/crates.io-index"
checksum = "5276caf25ac86c8d810222b3dbb938e512c55c6831a10f3e6ed1c93b84041f1c"
dependencies = [
 "aho-corasick",
 "memchr",
 "regex-syntax",
]

[[package]]
name = "regex-syntax"
version = "0.8.8"
source = "registry+https://github.com/rust-lang/crates.io-index"
checksum = "7a2d987857b319362043e95f5353c0535c1f58eec5336fdfcf626430af7def58"

[[package]]
name = "rustc-hash"
version = "2.1.1"
source = "registry+https://github.com/rust-lang/crates.io-index"
checksum = "357703d41365b4b27c590e3ed91eabb1b663f07c4c084095e60cbed4362dff0d"

[[package]]
name = "saphyr-parser"
version = "0.0.6"
source = "registry+https://github.com/rust-lang/crates.io-index"
checksum = "4fb771b59f6b1985d1406325ec28f97cfb14256abcec4fdfb37b36a1766d6af7"
dependencies = [
 "arraydeque",
 "hashlink",
]

[[package]]
name = "scopeguard"
version = "1.2.0"
source = "registry+https://github.com/rust-lang/crates.io-index"
checksum = "94143f37725109f92c262ed2cf5e59bce7498c01bcc1502d7b9afe439a4e9f49"

[[package]]
name = "sha2"
version = "0.10.9"
source = "registry+https://github.com/rust-lang/crates.io-index"
checksum = "a7507d819769d01a365ab707794a4084392c824f54a7a6a7862f8c3d0892b283"
dependencies = [
 "cfg-if",
 "cpufeatures",
 "digest",
]

[[package]]
name = "shlex"
version = "1.3.0"
source = "registry+https://github.com/rust-lang/crates.io-index"
checksum = "0fda2ff0d084019ba4d7c6f371c95d8fd75ce3524c3cb8fb653a3023f6323e64"

[[package]]
name = "signal-hook-registry"
version = "1.4.8"
source = "registry+https://github.com/rust-lang/crates.io-index"
checksum = "c4db69cba1110affc0e9f7bcd48bbf87b3f4fc7c61fc9155afd4c469eb3d6c1b"
dependencies = [
 "errno",
 "libc",
]

[[package]]
name = "smallvec"
version = "1.15.1"
source = "registry+https://github.com/rust-lang/crates.io-index"
checksum = "67b1b7a3b5fe4f1376887184045fcf45c69e92af734b7aaddc05fb777b6fbd03"

[[package]]
name = "socket2"
version = "0.6.1"
source = "registry+https://github.com/rust-lang/crates.io-index"
checksum = "17129e116933cf371d018bb80ae557e889637989d8638274fb25622827b03881"
dependencies = [
 "libc",
 "windows-sys 0.60.2",
]

[[package]]
name = "streaming-iterator"
version = "0.1.9"
source = "registry+https://github.com/rust-lang/crates.io-index"
checksum = "2b2231b7c3057d5e4ad0156fb3dc807d900806020c5ffa3ee6ff2c8c76fb8520"

[[package]]
name = "strsim"
version = "0.11.1"
source = "registry+https://github.com/rust-lang/crates.io-index"
checksum = "7da8b5736845d9f2fcb837ea5d9e2628564b3b043a70948a3f0b778838c5fb4f"

[[package]]
name = "syn"
version = "2.0.114"
source = "registry+https://github.com/rust-lang/crates.io-index"
checksum = "d4d107df263a3013ef9b1879b0df87d706ff80f65a86ea879bd9c31f9b307c2a"
dependencies = [
 "proc-macro2",
 "quote",
 "unicode-ident",
]

[[package]]
name = "thiserror"
version = "2.0.17"
source = "registry+https://github.com/rust-lang/crates.io-index"
checksum = "f63587ca0f12b72a0600bcba1d40081f830876000bb46dd2337a3051618f4fc8"
dependencies = [
 "thiserror-impl",
]

[[package]]
name = "thiserror-impl"
version = "2.0.17"
source = "registry+https://github.com/rust-lang/crates.io-index"
checksum = "3ff15c8ecd7de3849db632e14d18d2571fa09dfc5ed93479bc4485c7a517c913"
dependencies = [
 "proc-macro2",
 "quote",
 "syn",
]

[[package]]
name = "tokio"
version = "1.49.0"
source = "registry+https://github.com/rust-lang/crates.io-index"
checksum = "72a2903cd7736441aac9df9d7688bd0ce48edccaadf181c3b90be801e81d3d86"
dependencies = [
 "bytes",
 "libc",
 "mio",
 "parking_lot",
 "pin-project-lite",
 "signal-hook-registry",
 "socket2",
 "tokio-macros",
 "windows-sys 0.61.2",
]

[[package]]
name = "tokio-macros"
version = "2.6.0"
source = "registry+https://github.com/rust-lang/crates.io-index"
checksum = "af407857209536a95c8e56f8231ef2c2e2aff839b22e07a1ffcbc617e9db9fa5"
dependencies = [
 "proc-macro2",
 "quote",
 "syn",
]

[[package]]
name = "toml_parser"
version = "1.0.6+spec-1.1.0"
source = "registry+https://github.com/rust-lang/crates.io-index"
checksum = "a3198b4b0a8e11f09dd03e133c0280504d0801269e9afa46362ffde1cbeebf44"
dependencies = [
 "winnow",
]

[[package]]
name = "tracing"
version = "0.1.44"
source = "registry+https://github.com/rust-lang/crates.io-index"
checksum = "63e71662fa4b2a2c3a26f570f037eb95bb1f85397f3cd8076caed2f026a6d100"
dependencies = [
 "pin-project-lite",
 "tracing-core",
]

[[package]]
name = "tracing-core"
version = "0.1.36"
source = "registry+https://github.com/rust-lang/crates.io-index"
checksum = "db97caf9d906fbde555dd62fa95ddba9eecfd14cb388e4f491a66d74cd5fb79a"
dependencies = [
 "once_cell",
]

[[package]]
name = "tree-sitter-language"
version = "0.1.6"
source = "registry+https://github.com/rust-lang/crates.io-index"
checksum = "4ae62f7eae5eb549c71b76658648b72cc6111f2d87d24a1e31fa907f4943e3ce"

[[package]]
name = "typenum"
version = "1.19.0"
source = "registry+https://github.com/rust-lang/crates.io-index"
checksum = "562d481066bde0658276a35467c4af00bdc6ee726305698a55b86e61d7ad82bb"

[[package]]
name = "ucd-trie"
version = "0.1.7"
source = "registry+https://github.com/rust-lang/crates.io-index"
checksum = "2896d95c02a80c6d6a5d6e953d479f5ddf2dfdb6a244441010e373ac0fb88971"

[[package]]
name = "unicase"
version = "2.9.0"
source = "registry+https://github.com/rust-lang/crates.io-index"
checksum = "dbc4bc3a9f746d862c45cb89d705aa10f187bb96c76001afab07a0d35ce60142"

[[package]]
name = "unicode-ident"
version = "1.0.22"
source = "registry+https://github.com/rust-lang/crates.io-index"
checksum = "9312f7c4f6ff9069b165498234ce8be658059c6728633667c526e27dc2cf1df5"

[[package]]
name = "unicode-width"
version = "0.2.2"
source = "registry+https://github.com/rust-lang/crates.io-index"
checksum = "b4ac048d71ede7ee76d585517add45da530660ef4390e49b098733c6e897f254"

[[package]]
name = "unsynn"
version = "0.3.0"
source = "registry+https://github.com/rust-lang/crates.io-index"
checksum = "501a7adf1a4bd9951501e5c66621e972ef8874d787628b7f90e64f936ef7ec0a"
dependencies = [
 "mutants",
 "proc-macro2",
 "rustc-hash",
]

[[package]]
name = "version_check"
version = "0.9.5"
source = "registry+https://github.com/rust-lang/crates.io-index"
checksum = "0b928f33d975fc6ad9f86c8f283853ad26bdd5b10b7f1542aa2fa15e2289105a"

[[package]]
name = "wasi"
version = "0.11.1+wasi-snapshot-preview1"
source = "registry+https://github.com/rust-lang/crates.io-index"
checksum = "ccf3ec651a847eb01de73ccad15eb7d99f80485de043efb2f370cd654f4ea44b"

[[package]]
name = "windows-link"
version = "0.2.1"
source = "registry+https://github.com/rust-lang/crates.io-index"
checksum = "f0805222e57f7521d6a62e36fa9163bc891acd422f971defe97d64e70d0a4fe5"

[[package]]
name = "windows-sys"
version = "0.60.2"
source = "registry+https://github.com/rust-lang/crates.io-index"
checksum = "f2f500e4d28234f72040990ec9d39e3a6b950f9f22d3dba18416c35882612bcb"
dependencies = [
 "windows-targets",
]

[[package]]
name = "windows-sys"
version = "0.61.2"
source = "registry+https://github.com/rust-lang/crates.io-index"
checksum = "ae137229bcbd6cdf0f7b80a31df61766145077ddf49416a728b02cb3921ff3fc"
dependencies = [
 "windows-link",
]

[[package]]
name = "windows-targets"
version = "0.53.5"
source = "registry+https://github.com/rust-lang/crates.io-index"
checksum = "4945f9f551b88e0d65f3db0bc25c33b8acea4d9e41163edf90dcd0b19f9069f3"
dependencies = [
 "windows-link",
 "windows_aarch64_gnullvm",
 "windows_aarch64_msvc",
 "windows_i686_gnu",
 "windows_i686_gnullvm",
 "windows_i686_msvc",
 "windows_x86_64_gnu",
 "windows_x86_64_gnullvm",
 "windows_x86_64_msvc",
]

[[package]]
name = "windows_aarch64_gnullvm"
version = "0.53.1"
source = "registry+https://github.com/rust-lang/crates.io-index"
checksum = "a9d8416fa8b42f5c947f8482c43e7d89e73a173cead56d044f6a56104a6d1b53"

[[package]]
name = "windows_aarch64_msvc"
version = "0.53.1"
source = "registry+https://github.com/rust-lang/crates.io-index"
checksum = "b9d782e804c2f632e395708e99a94275910eb9100b2114651e04744e9b125006"

[[package]]
name = "windows_i686_gnu"
version = "0.53.1"
source = "registry+https://github.com/rust-lang/crates.io-index"
checksum = "960e6da069d81e09becb0ca57a65220ddff016ff2d6af6a223cf372a506593a3"

[[package]]
name = "windows_i686_gnullvm"
version = "0.53.1"
source = "registry+https://github.com/rust-lang/crates.io-index"
checksum = "fa7359d10048f68ab8b09fa71c3daccfb0e9b559aed648a8f95469c27057180c"

[[package]]
name = "windows_i686_msvc"
version = "0.53.1"
source = "registry+https://github.com/rust-lang/crates.io-index"
checksum = "1e7ac75179f18232fe9c285163565a57ef8d3c89254a30685b57d83a38d326c2"

[[package]]
name = "windows_x86_64_gnu"
version = "0.53.1"
source = "registry+https://github.com/rust-lang/crates.io-index"
checksum = "9c3842cdd74a865a8066ab39c8a7a473c0778a3f29370b5fd6b4b9aa7df4a499"

[[package]]
name = "windows_x86_64_gnullvm"
version = "0.53.1"
source = "registry+https://github.com/rust-lang/crates.io-index"
checksum = "0ffa179e2d07eee8ad8f57493436566c7cc30ac536a3379fdf008f47f6bb7ae1"

[[package]]
name = "windows_x86_64_msvc"
version = "0.53.1"
source = "registry+https://github.com/rust-lang/crates.io-index"
checksum = "d6bbff5f0aada427a1e5a6da5f1f98158182f26556f345ac9e04d36d0ebed650"

[[package]]
name = "winnow"
version = "0.7.14"
source = "registry+https://github.com/rust-lang/crates.io-index"
checksum = "5a5364e9d77fcdeeaa6062ced926ee3381faa2ee02d3eb83a5c27a8825540829"

[[package]]
name = "yansi"
version = "1.0.1"
source = "registry+https://github.com/rust-lang/crates.io-index"
checksum = "cfe53a6657fd280eaa890a3bc59152892ffa3e30101319d168b781ed6529b049"

[[patch.unused]]
name = "facet-args"
version = "0.42.0"
source = "git+https://github.com/facet-rs/facet?branch=main#aaad65a47a1198d6080e49592f69c3fe2221ce65"

[[patch.unused]]
name = "facet-diff"
version = "0.42.0"
source = "git+https://github.com/facet-rs/facet?branch=main#aaad65a47a1198d6080e49592f69c3fe2221ce65"

[[patch.unused]]
name = "facet-html"
version = "0.42.0"
source = "git+https://github.com/facet-rs/facet?branch=main#aaad65a47a1198d6080e49592f69c3fe2221ce65"

[[patch.unused]]
name = "facet-json"
version = "0.42.0"
source = "git+https://github.com/facet-rs/facet?branch=main#aaad65a47a1198d6080e49592f69c3fe2221ce65"

[[patch.unused]]
name = "facet-pretty"
version = "0.42.0"
source = "git+https://github.com/facet-rs/facet?branch=main#aaad65a47a1198d6080e49592f69c3fe2221ce65"
